
Microsoft Visual Studio Solution File, Format Version 12.00
# Visual Studio 15
VisualStudioVersion = 15.0.27130.2027
MinimumVisualStudioVersion = 10.0.40219.1
Project("{FAE04EC0-301F-11D3-BF4B-00C04F79EFBC}") = "PBIX-Tools", "src\PBIX-Tools\PBIX-Tools.csproj", "{66F1431D-0811-483D-8F8A-69354E9BF3BD}"
EndProject
Global
	GlobalSection(SolutionConfigurationPlatforms) = preSolution
		Debug|Any CPU = Debug|Any CPU
		Release|Any CPU = Release|Any CPU
	EndGlobalSection
	GlobalSection(ProjectConfigurationPlatforms) = postSolution
		{66F1431D-0811-483D-8F8A-69354E9BF3BD}.Debug|Any CPU.ActiveCfg = Debug|Any CPU
		{66F1431D-0811-483D-8F8A-69354E9BF3BD}.Debug|Any CPU.Build.0 = Debug|Any CPU
		{66F1431D-0811-483D-8F8A-69354E9BF3BD}.Release|Any CPU.ActiveCfg = Release|Any CPU
		{66F1431D-0811-483D-8F8A-69354E9BF3BD}.Release|Any CPU.Build.0 = Release|Any CPU
	EndGlobalSection
	GlobalSection(SolutionProperties) = preSolution
		HideSolutionNode = FALSE
	EndGlobalSection
	GlobalSection(ExtensibilityGlobals) = postSolution
		SolutionGuid = {E2944C94-DCE9-41DF-A671-6F38744A17D2}
	EndGlobalSection
EndGlobal
